
Microsoft Visual Studio Solution File, Format Version 12.00
# Visual Studio Version 16
VisualStudioVersion = 16.0.30717.126
MinimumVisualStudioVersion = 10.0.40219.1
Project("{2150E333-8FDC-42A3-9474-1A3956D46DE8}") = "src", "src", "{64F27BEA-C4B4-4E85-8740-C675DB374B98}"
EndProject
Project("{2150E333-8FDC-42A3-9474-1A3956D46DE8}") = "Building Blocks", "Building Blocks", "{2CC15A2E-7C0D-4C2A-84E7-DC235600BC5B}"
EndProject
Project("{2150E333-8FDC-42A3-9474-1A3956D46DE8}") = "Web", "Web", "{04119E26-A2D6-4759-A07E-07F0FC8BA2D9}"
EndProject
Project("{2150E333-8FDC-42A3-9474-1A3956D46DE8}") = "Services", "Services", "{120BEADB-F2E5-4069-B573-3A668D6073D1}"
EndProject
Project("{2150E333-8FDC-42A3-9474-1A3956D46DE8}") = "Identidade", "Identidade", "{C440C5DB-E385-4EF1-A0EC-F1299479ACE4}"
EndProject
Project("{9A19103F-16F7-4668-BE54-9A1E7A4F7556}") = "SC.Identidade.API", "src\services\SC.Identidade.API\SC.Identidade.API.csproj", "{347A6A5D-CC84-4E02-AECF-6548461BF9DB}"
EndProject
Project("{2150E333-8FDC-42A3-9474-1A3956D46DE8}") = "MVC", "MVC", "{BFFF757C-399F-457A-A070-5B2456D7B974}"
EndProject
Project("{9A19103F-16F7-4668-BE54-9A1E7A4F7556}") = "SC.WepApp.MVC", "src\web\SC.WepApp.MVC\SC.WepApp.MVC.csproj", "{9ADCD578-93EC-4842-977E-69E933305425}"
EndProject
Project("{2150E333-8FDC-42A3-9474-1A3956D46DE8}") = "Core", "Core", "{157DFFF3-AC9A-4EC6-8BE8-BE9698D6EC90}"
EndProject
Project("{9A19103F-16F7-4668-BE54-9A1E7A4F7556}") = "SC.Core", "src\building blocks\SC.Core\SC.Core.csproj", "{C81B3478-83F1-40C3-A890-1FA0726BD68B}"
EndProject
Project("{2150E333-8FDC-42A3-9474-1A3956D46DE8}") = "Carrinho", "Carrinho", "{BC889004-3AD1-4F97-BFDA-BB0C4CC736FE}"
EndProject
Project("{2150E333-8FDC-42A3-9474-1A3956D46DE8}") = "Catalogo", "Catalogo", "{2827768C-0F19-40BE-A12A-FAC3EED39DCB}"
EndProject
Project("{2150E333-8FDC-42A3-9474-1A3956D46DE8}") = "Cliente", "Cliente", "{E336AAAF-3919-42ED-966C-95B10B9EA70E}"
EndProject
Project("{2150E333-8FDC-42A3-9474-1A3956D46DE8}") = "Pagamento", "Pagamento", "{7622F573-8306-4F61-8D72-1680F5311FF9}"
EndProject
Project("{2150E333-8FDC-42A3-9474-1A3956D46DE8}") = "Pedido", "Pedido", "{A78FED5E-1C70-41AC-8391-FE5D92AB9795}"
EndProject
Project("{9A19103F-16F7-4668-BE54-9A1E7A4F7556}") = "SC.Carrinho.API", "src\services\SC.Carrinho.API\SC.Carrinho.API.csproj", "{65610AF0-A879-4B67-9023-D8AC4B73B5FC}"
EndProject
Project("{9A19103F-16F7-4668-BE54-9A1E7A4F7556}") = "SC.Catalogo.API", "src\services\SC.Catalogo.API\SC.Catalogo.API.csproj", "{EC4045B2-5A88-4706-84C9-1120C7E1D35A}"
EndProject
Project("{9A19103F-16F7-4668-BE54-9A1E7A4F7556}") = "SC.Cliente.API", "src\services\SC.Cliente.API\SC.Cliente.API.csproj", "{96F889F1-41AA-4D4F-A1FB-733BF57AF985}"
EndProject
Project("{9A19103F-16F7-4668-BE54-9A1E7A4F7556}") = "SC.Pagamento.API", "src\services\SC.Pagamento.API\SC.Pagamento.API.csproj", "{D5F4C9FA-2F30-4E47-8AC8-E6358D4DFA32}"
EndProject
Project("{9A19103F-16F7-4668-BE54-9A1E7A4F7556}") = "SC.Pedido.API", "src\services\SC.Pedido.API\SC.Pedido.API.csproj", "{4BBD741C-7967-4953-8FFA-D88B14A99552}"
EndProject
Project("{2150E333-8FDC-42A3-9474-1A3956D46DE8}") = "services", "services", "{7156E832-E495-486C-A4EA-801928F2CDD2}"
EndProject
Project("{FAE04EC0-301F-11D3-BF4B-00C04F79EFBC}") = "SC.WebApi.Core", "src\building blocks\ClassLibrary1\SC.WebApi.Core.csproj", "{3B096287-E5D1-4813-8FC0-4F6510402147}"
EndProject
Global
	GlobalSection(SolutionConfigurationPlatforms) = preSolution
		Debug|Any CPU = Debug|Any CPU
		Release|Any CPU = Release|Any CPU
	EndGlobalSection
	GlobalSection(ProjectConfigurationPlatforms) = postSolution
		{347A6A5D-CC84-4E02-AECF-6548461BF9DB}.Debug|Any CPU.ActiveCfg = Debug|Any CPU
		{347A6A5D-CC84-4E02-AECF-6548461BF9DB}.Debug|Any CPU.Build.0 = Debug|Any CPU
		{347A6A5D-CC84-4E02-AECF-6548461BF9DB}.Release|Any CPU.ActiveCfg = Release|Any CPU
		{347A6A5D-CC84-4E02-AECF-6548461BF9DB}.Release|Any CPU.Build.0 = Release|Any CPU
		{9ADCD578-93EC-4842-977E-69E933305425}.Debug|Any CPU.ActiveCfg = Debug|Any CPU
		{9ADCD578-93EC-4842-977E-69E933305425}.Debug|Any CPU.Build.0 = Debug|Any CPU
		{9ADCD578-93EC-4842-977E-69E933305425}.Release|Any CPU.ActiveCfg = Release|Any CPU
		{9ADCD578-93EC-4842-977E-69E933305425}.Release|Any CPU.Build.0 = Release|Any CPU
		{C81B3478-83F1-40C3-A890-1FA0726BD68B}.Debug|Any CPU.ActiveCfg = Debug|Any CPU
		{C81B3478-83F1-40C3-A890-1FA0726BD68B}.Debug|Any CPU.Build.0 = Debug|Any CPU
		{C81B3478-83F1-40C3-A890-1FA0726BD68B}.Release|Any CPU.ActiveCfg = Release|Any CPU
		{C81B3478-83F1-40C3-A890-1FA0726BD68B}.Release|Any CPU.Build.0 = Release|Any CPU
		{65610AF0-A879-4B67-9023-D8AC4B73B5FC}.Debug|Any CPU.ActiveCfg = Debug|Any CPU
		{65610AF0-A879-4B67-9023-D8AC4B73B5FC}.Debug|Any CPU.Build.0 = Debug|Any CPU
		{65610AF0-A879-4B67-9023-D8AC4B73B5FC}.Release|Any CPU.ActiveCfg = Release|Any CPU
		{65610AF0-A879-4B67-9023-D8AC4B73B5FC}.Release|Any CPU.Build.0 = Release|Any CPU
		{EC4045B2-5A88-4706-84C9-1120C7E1D35A}.Debug|Any CPU.ActiveCfg = Debug|Any CPU
		{EC4045B2-5A88-4706-84C9-1120C7E1D35A}.Debug|Any CPU.Build.0 = Debug|Any CPU
		{EC4045B2-5A88-4706-84C9-1120C7E1D35A}.Release|Any CPU.ActiveCfg = Release|Any CPU
		{EC4045B2-5A88-4706-84C9-1120C7E1D35A}.Release|Any CPU.Build.0 = Release|Any CPU
		{96F889F1-41AA-4D4F-A1FB-733BF57AF985}.Debug|Any CPU.ActiveCfg = Debug|Any CPU
		{96F889F1-41AA-4D4F-A1FB-733BF57AF985}.Debug|Any CPU.Build.0 = Debug|Any CPU
		{96F889F1-41AA-4D4F-A1FB-733BF57AF985}.Release|Any CPU.ActiveCfg = Release|Any CPU
		{96F889F1-41AA-4D4F-A1FB-733BF57AF985}.Release|Any CPU.Build.0 = Release|Any CPU
		{D5F4C9FA-2F30-4E47-8AC8-E6358D4DFA32}.Debug|Any CPU.ActiveCfg = Debug|Any CPU
		{D5F4C9FA-2F30-4E47-8AC8-E6358D4DFA32}.Debug|Any CPU.Build.0 = Debug|Any CPU
		{D5F4C9FA-2F30-4E47-8AC8-E6358D4DFA32}.Release|Any CPU.ActiveCfg = Release|Any CPU
		{D5F4C9FA-2F30-4E47-8AC8-E6358D4DFA32}.Release|Any CPU.Build.0 = Release|Any CPU
		{4BBD741C-7967-4953-8FFA-D88B14A99552}.Debug|Any CPU.ActiveCfg = Debug|Any CPU
		{4BBD741C-7967-4953-8FFA-D88B14A99552}.Debug|Any CPU.Build.0 = Debug|Any CPU
		{4BBD741C-7967-4953-8FFA-D88B14A99552}.Release|Any CPU.ActiveCfg = Release|Any CPU
		{4BBD741C-7967-4953-8FFA-D88B14A99552}.Release|Any CPU.Build.0 = Release|Any CPU
		{3B096287-E5D1-4813-8FC0-4F6510402147}.Debug|Any CPU.ActiveCfg = Debug|Any CPU
		{3B096287-E5D1-4813-8FC0-4F6510402147}.Debug|Any CPU.Build.0 = Debug|Any CPU
		{3B096287-E5D1-4813-8FC0-4F6510402147}.Release|Any CPU.ActiveCfg = Release|Any CPU
		{3B096287-E5D1-4813-8FC0-4F6510402147}.Release|Any CPU.Build.0 = Release|Any CPU
	EndGlobalSection
	GlobalSection(SolutionProperties) = preSolution
		HideSolutionNode = FALSE
	EndGlobalSection
	GlobalSection(NestedProjects) = preSolution
		{2CC15A2E-7C0D-4C2A-84E7-DC235600BC5B} = {64F27BEA-C4B4-4E85-8740-C675DB374B98}
		{04119E26-A2D6-4759-A07E-07F0FC8BA2D9} = {64F27BEA-C4B4-4E85-8740-C675DB374B98}
		{120BEADB-F2E5-4069-B573-3A668D6073D1} = {64F27BEA-C4B4-4E85-8740-C675DB374B98}
		{C440C5DB-E385-4EF1-A0EC-F1299479ACE4} = {120BEADB-F2E5-4069-B573-3A668D6073D1}
		{347A6A5D-CC84-4E02-AECF-6548461BF9DB} = {C440C5DB-E385-4EF1-A0EC-F1299479ACE4}
		{BFFF757C-399F-457A-A070-5B2456D7B974} = {04119E26-A2D6-4759-A07E-07F0FC8BA2D9}
		{9ADCD578-93EC-4842-977E-69E933305425} = {BFFF757C-399F-457A-A070-5B2456D7B974}
		{157DFFF3-AC9A-4EC6-8BE8-BE9698D6EC90} = {2CC15A2E-7C0D-4C2A-84E7-DC235600BC5B}
		{C81B3478-83F1-40C3-A890-1FA0726BD68B} = {157DFFF3-AC9A-4EC6-8BE8-BE9698D6EC90}
		{BC889004-3AD1-4F97-BFDA-BB0C4CC736FE} = {120BEADB-F2E5-4069-B573-3A668D6073D1}
		{2827768C-0F19-40BE-A12A-FAC3EED39DCB} = {120BEADB-F2E5-4069-B573-3A668D6073D1}
		{E336AAAF-3919-42ED-966C-95B10B9EA70E} = {120BEADB-F2E5-4069-B573-3A668D6073D1}
		{7622F573-8306-4F61-8D72-1680F5311FF9} = {120BEADB-F2E5-4069-B573-3A668D6073D1}
		{A78FED5E-1C70-41AC-8391-FE5D92AB9795} = {120BEADB-F2E5-4069-B573-3A668D6073D1}
		{65610AF0-A879-4B67-9023-D8AC4B73B5FC} = {BC889004-3AD1-4F97-BFDA-BB0C4CC736FE}
		{EC4045B2-5A88-4706-84C9-1120C7E1D35A} = {2827768C-0F19-40BE-A12A-FAC3EED39DCB}
		{96F889F1-41AA-4D4F-A1FB-733BF57AF985} = {E336AAAF-3919-42ED-966C-95B10B9EA70E}
		{D5F4C9FA-2F30-4E47-8AC8-E6358D4DFA32} = {7622F573-8306-4F61-8D72-1680F5311FF9}
		{4BBD741C-7967-4953-8FFA-D88B14A99552} = {A78FED5E-1C70-41AC-8391-FE5D92AB9795}
		{7156E832-E495-486C-A4EA-801928F2CDD2} = {2CC15A2E-7C0D-4C2A-84E7-DC235600BC5B}
		{3B096287-E5D1-4813-8FC0-4F6510402147} = {7156E832-E495-486C-A4EA-801928F2CDD2}
	EndGlobalSection
	GlobalSection(ExtensibilityGlobals) = postSolution
		SolutionGuid = {119DB097-9412-4ABF-ACE4-5A666C1A37CF}
	EndGlobalSection
EndGlobal
